// !$*UTF8*$!
{
	archiveVersion = 1;
	classes = {
	};
	objectVersion = 50;
	objects = {

/* Begin PBXBuildFile section */
		6E2C712A237E56BF0051A30D /* AppDelegate.swift in Sources */ = {isa = PBXBuildFile; fileRef = 6E2C7129237E56BF0051A30D /* AppDelegate.swift */; };
		6E2C712C237E56BF0051A30D /* SceneDelegate.swift in Sources */ = {isa = PBXBuildFile; fileRef = 6E2C712B237E56BF0051A30D /* SceneDelegate.swift */; };
		6E2C712E237E56BF0051A30D /* ViewController.swift in Sources */ = {isa = PBXBuildFile; fileRef = 6E2C712D237E56BF0051A30D /* ViewController.swift */; };
		6E2C7131237E56BF0051A30D /* Main.storyboard in Resources */ = {isa = PBXBuildFile; fileRef = 6E2C712F237E56BF0051A30D /* Main.storyboard */; };
		6E2C7133237E56C10051A30D /* Assets.xcassets in Resources */ = {isa = PBXBuildFile; fileRef = 6E2C7132237E56C10051A30D /* Assets.xcassets */; };
		6E2C7136237E56C10051A30D /* LaunchScreen.storyboard in Resources */ = {isa = PBXBuildFile; fileRef = 6E2C7134237E56C10051A30D /* LaunchScreen.storyboard */; };
		6E2C7141237E56C10051A30D /* tipperTests.swift in Sources */ = {isa = PBXBuildFile; fileRef = 6E2C7140237E56C10051A30D /* tipperTests.swift */; };
		6E2C714C237E56C10051A30D /* tipperUITests.swift in Sources */ = {isa = PBXBuildFile; fileRef = 6E2C714B237E56C10051A30D /* tipperUITests.swift */; };
		6E35F22E237FBD5000E4CFDB /* SettingsViewController.swift in Sources */ = {isa = PBXBuildFile; fileRef = 6E35F22D237FBD5000E4CFDB /* SettingsViewController.swift */; };
/* End PBXBuildFile section */

/* Begin PBXContainerItemProxy section */
		6E2C713D237E56C10051A30D /* PBXContainerItemProxy */ = {
			isa = PBXContainerItemProxy;
			containerPortal = 6E2C711E237E56BF0051A30D /* Project object */;
			proxyType = 1;
			remoteGlobalIDString = 6E2C7125237E56BF0051A30D;
			remoteInfo = tipper;
		};
		6E2C7148237E56C10051A30D /* PBXContainerItemProxy */ = {
			isa = PBXContainerItemProxy;
			containerPortal = 6E2C711E237E56BF0051A30D /* Project object */;
			proxyType = 1;
			remoteGlobalIDString = 6E2C7125237E56BF0051A30D;
			remoteInfo = tipper;
		};
/* End PBXContainerItemProxy section */

/* Begin PBXFileReference section */
		6E2C7126237E56BF0051A30D /* tipper.app */ = {isa = PBXFileReference; explicitFileType = wrapper.application; includeInIndex = 0; path = tipper.app; sourceTree = BUILT_PRODUCTS_DIR; };
		6E2C7129237E56BF0051A30D /* AppDelegate.swift */ = {isa = PBXFileReference; lastKnownFileType = sourcecode.swift; path = AppDelegate.swift; sourceTree = "<group>"; };
		6E2C712B237E56BF0051A30D /* SceneDelegate.swift */ = {isa = PBXFileReference; lastKnownFileType = sourcecode.swift; path = SceneDelegate.swift; sourceTree = "<group>"; };
		6E2C712D237E56BF0051A30D /* ViewController.swift */ = {isa = PBXFileReference; lastKnownFileType = sourcecode.swift; path = ViewController.swift; sourceTree = "<group>"; };
		6E2C7130237E56BF0051A30D /* Base */ = {isa = PBXFileReference; lastKnownFileType = file.storyboard; name = Base; path = Base.lproj/Main.storyboard; sourceTree = "<group>"; };
		6E2C7132237E56C10051A30D /* Assets.xcassets */ = {isa = PBXFileReference; lastKnownFileType = folder.assetcatalog; path = Assets.xcassets; sourceTree = "<group>"; };
		6E2C7135237E56C10051A30D /* Base */ = {isa = PBXFileReference; lastKnownFileType = file.storyboard; name = Base; path = Base.lproj/LaunchScreen.storyboard; sourceTree = "<group>"; };
		6E2C7137237E56C10051A30D /* Info.plist */ = {isa = PBXFileReference; lastKnownFileType = text.plist.xml; path = Info.plist; sourceTree = "<group>"; };
		6E2C713C237E56C10051A30D /* tipperTests.xctest */ = {isa = PBXFileReference; explicitFileType = wrapper.cfbundle; includeInIndex = 0; path = tipperTests.xctest; sourceTree = BUILT_PRODUCTS_DIR; };
		6E2C7140237E56C10051A30D /* tipperTests.swift */ = {isa = PBXFileReference; lastKnownFileType = sourcecode.swift; path = tipperTests.swift; sourceTree = "<group>"; };
		6E2C7142237E56C10051A30D /* Info.plist */ = {isa = PBXFileReference; lastKnownFileType = text.plist.xml; path = Info.plist; sourceTree = "<group>"; };
		6E2C7147237E56C10051A30D /* tipperUITests.xctest */ = {isa = PBXFileReference; explicitFileType = wrapper.cfbundle; includeInIndex = 0; path = tipperUITests.xctest; sourceTree = BUILT_PRODUCTS_DIR; };
		6E2C714B237E56C10051A30D /* tipperUITests.swift */ = {isa = PBXFileReference; lastKnownFileType = sourcecode.swift; path = tipperUITests.swift; sourceTree = "<group>"; };
		6E2C714D237E56C10051A30D /* Info.plist */ = {isa = PBXFileReference; lastKnownFileType = text.plist.xml; path = Info.plist; sourceTree = "<group>"; };
		6E35F22D237FBD5000E4CFDB /* SettingsViewController.swift */ = {isa = PBXFileReference; lastKnownFileType = sourcecode.swift; path = SettingsViewController.swift; sourceTree = "<group>"; };
/* End PBXFileReference section */

/* Begin PBXFrameworksBuildPhase section */
		6E2C7123237E56BF0051A30D /* Frameworks */ = {
			isa = PBXFrameworksBuildPhase;
			buildActionMask = 2147483647;
			files = (
			);
			runOnlyForDeploymentPostprocessing = 0;
		};
		6E2C7139237E56C10051A30D /* Frameworks */ = {
			isa = PBXFrameworksBuildPhase;
			buildActionMask = 2147483647;
			files = (
			);
			runOnlyForDeploymentPostprocessing = 0;
		};
		6E2C7144237E56C10051A30D /* Frameworks */ = {
			isa = PBXFrameworksBuildPhase;
			buildActionMask = 2147483647;
			files = (
			);
			runOnlyForDeploymentPostprocessing = 0;
		};
/* End PBXFrameworksBuildPhase section */

/* Begin PBXGroup section */
		6E2C711D237E56BF0051A30D = {
			isa = PBXGroup;
			children = (
				6E2C7128237E56BF0051A30D /* tipper */,
				6E2C713F237E56C10051A30D /* tipperTests */,
				6E2C714A237E56C10051A30D /* tipperUITests */,
				6E2C7127237E56BF0051A30D /* Products */,
			);
			sourceTree = "<group>";
		};
		6E2C7127237E56BF0051A30D /* Products */ = {
			isa = PBXGroup;
			children = (
				6E2C7126237E56BF0051A30D /* tipper.app */,
				6E2C713C237E56C10051A30D /* tipperTests.xctest */,
				6E2C7147237E56C10051A30D /* tipperUITests.xctest */,
			);
			name = Products;
			sourceTree = "<group>";
		};
		6E2C7128237E56BF0051A30D /* tipper */ = {
			isa = PBXGroup;
			children = (
				6E2C7129237E56BF0051A30D /* AppDelegate.swift */,
				6E2C712B237E56BF0051A30D /* SceneDelegate.swift */,
				6E2C712D237E56BF0051A30D /* ViewController.swift */,
				6E2C712F237E56BF0051A30D /* Main.storyboard */,
				6E35F22D237FBD5000E4CFDB /* SettingsViewController.swift */,
				6E2C7132237E56C10051A30D /* Assets.xcassets */,
				6E2C7134237E56C10051A30D /* LaunchScreen.storyboard */,
				6E2C7137237E56C10051A30D /* Info.plist */,
			);
			path = tipper;
			sourceTree = "<group>";
		};
		6E2C713F237E56C10051A30D /* tipperTests */ = {
			isa = PBXGroup;
			children = (
				6E2C7140237E56C10051A30D /* tipperTests.swift */,
				6E2C7142237E56C10051A30D /* Info.plist */,
			);
			path = tipperTests;
			sourceTree = "<group>";
		};
		6E2C714A237E56C10051A30D /* tipperUITests */ = {
			isa = PBXGroup;
			children = (
				6E2C714B237E56C10051A30D /* tipperUITests.swift */,
				6E2C714D237E56C10051A30D /* Info.plist */,
			);
			path = tipperUITests;
			sourceTree = "<group>";
		};
/* End PBXGroup section */

/* Begin PBXNativeTarget section */
		6E2C7125237E56BF0051A30D /* tipper */ = {
			isa = PBXNativeTarget;
			buildConfigurationList = 6E2C7150237E56C10051A30D /* Build configuration list for PBXNativeTarget "tipper" */;
			buildPhases = (
				6E2C7122237E56BF0051A30D /* Sources */,
				6E2C7123237E56BF0051A30D /* Frameworks */,
				6E2C7124237E56BF0051A30D /* Resources */,
			);
			buildRules = (
			);
			dependencies = (
			);
			name = tipper;
			productName = tipper;
			productReference = 6E2C7126237E56BF0051A30D /* tipper.app */;
			productType = "com.apple.product-type.application";
		};
		6E2C713B237E56C10051A30D /* tipperTests */ = {
			isa = PBXNativeTarget;
			buildConfigurationList = 6E2C7153237E56C10051A30D /* Build configuration list for PBXNativeTarget "tipperTests" */;
			buildPhases = (
				6E2C7138237E56C10051A30D /* Sources */,
				6E2C7139237E56C10051A30D /* Frameworks */,
				6E2C713A237E56C10051A30D /* Resources */,
			);
			buildRules = (
			);
			dependencies = (
				6E2C713E237E56C10051A30D /* PBXTargetDependency */,
			);
			name = tipperTests;
			productName = tipperTests;
			productReference = 6E2C713C237E56C10051A30D /* tipperTests.xctest */;
			productType = "com.apple.product-type.bundle.unit-test";
		};
		6E2C7146237E56C10051A30D /* tipperUITests */ = {
			isa = PBXNativeTarget;
			buildConfigurationList = 6E2C7156237E56C10051A30D /* Build configuration list for PBXNativeTarget "tipperUITests" */;
			buildPhases = (
				6E2C7143237E56C10051A30D /* Sources */,
				6E2C7144237E56C10051A30D /* Frameworks */,
				6E2C7145237E56C10051A30D /* Resources */,
			);
			buildRules = (
			);
			dependencies = (
				6E2C7149237E56C10051A30D /* PBXTargetDependency */,
			);
			name = tipperUITests;
			productName = tipperUITests;
			productReference = 6E2C7147237E56C10051A30D /* tipperUITests.xctest */;
			productType = "com.apple.product-type.bundle.ui-testing";
		};
/* End PBXNativeTarget section */

/* Begin PBXProject section */
		6E2C711E237E56BF0051A30D /* Project object */ = {
			isa = PBXProject;
			attributes = {
				LastSwiftUpdateCheck = 1120;
				LastUpgradeCheck = 1120;
				ORGANIZATIONNAME = Daniel;
				TargetAttributes = {
					6E2C7125237E56BF0051A30D = {
						CreatedOnToolsVersion = 11.2.1;
					};
					6E2C713B237E56C10051A30D = {
						CreatedOnToolsVersion = 11.2.1;
						TestTargetID = 6E2C7125237E56BF0051A30D;
					};
					6E2C7146237E56C10051A30D = {
						CreatedOnToolsVersion = 11.2.1;
						TestTargetID = 6E2C7125237E56BF0051A30D;
					};
				};
			};
			buildConfigurationList = 6E2C7121237E56BF0051A30D /* Build configuration list for PBXProject "tipper" */;
			compatibilityVersion = "Xcode 9.3";
			developmentRegion = en;
			hasScannedForEncodings = 0;
			knownRegions = (
				en,
				Base,
			);
			mainGroup = 6E2C711D237E56BF0051A30D;
			productRefGroup = 6E2C7127237E56BF0051A30D /* Products */;
			projectDirPath = "";
			projectRoot = "";
			targets = (
				6E2C7125237E56BF0051A30D /* tipper */,
				6E2C713B237E56C10051A30D /* tipperTests */,
				6E2C7146237E56C10051A30D /* tipperUITests */,
			);
		};
/* End PBXProject section */

/* Begin PBXResourcesBuildPhase section */
		6E2C7124237E56BF0051A30D /* Resources */ = {
			isa = PBXResourcesBuildPhase;
			buildActionMask = 2147483647;
			files = (
				6E2C7136237E56C10051A30D /* LaunchScreen.storyboard in Resources */,
				6E2C7133237E56C10051A30D /* Assets.xcassets in Resources */,
				6E2C7131237E56BF0051A30D /* Main.storyboard in Resources */,
			);
			runOnlyForDeploymentPostprocessing = 0;
		};
		6E2C713A237E56C10051A30D /* Resources */ = {
			isa = PBXResourcesBuildPhase;
			buildActionMask = 2147483647;
			files = (
			);
			runOnlyForDeploymentPostprocessing = 0;
		};
		6E2C7145237E56C10051A30D /* Resources */ = {
			isa = PBXResourcesBuildPhase;
			buildActionMask = 2147483647;
			files = (
			);
			runOnlyForDeploymentPostprocessing = 0;
		};
/* End PBXResourcesBuildPhase section */

/* Begin PBXSourcesBuildPhase section */
		6E2C7122237E56BF0051A30D /* Sources */ = {
			isa = PBXSourcesBuildPhase;
			buildActionMask = 2147483647;
			files = (
				6E2C712E237E56BF0051A30D /* ViewController.swift in Sources */,
				6E2C712A237E56BF0051A30D /* AppDelegate.swift in Sources */,
				6E2C712C237E56BF0051A30D /* SceneDelegate.swift in Sources */,
				6E35F22E237FBD5000E4CFDB /* SettingsViewController.swift in Sources */,
			);
			runOnlyForDeploymentPostprocessing = 0;
		};
		6E2C7138237E56C10051A30D /* Sources */ = {
			isa = PBXSourcesBuildPhase;
			buildActionMask = 2147483647;
			files = (
				6E2C7141237E56C10051A30D /* tipperTests.swift in Sources */,
			);
			runOnlyForDeploymentPostprocessing = 0;
		};
		6E2C7143237E56C10051A30D /* Sources */ = {
			isa = PBXSourcesBuildPhase;
			buildActionMask = 2147483647;
			files = (
				6E2C714C237E56C10051A30D /* tipperUITests.swift in Sources */,
			);
			runOnlyForDeploymentPostprocessing = 0;
		};
/* End PBXSourcesBuildPhase section */

/* Begin PBXTargetDependency section */
		6E2C713E237E56C10051A30D /* PBXTargetDependency */ = {
			isa = PBXTargetDependency;
			target = 6E2C7125237E56BF0051A30D /* tipper */;
			targetProxy = 6E2C713D237E56C10051A30D /* PBXContainerItemProxy */;
		};
		6E2C7149237E56C10051A30D /* PBXTargetDependency */ = {
			isa = PBXTargetDependency;
			target = 6E2C7125237E56BF0051A30D /* tipper */;
			targetProxy = 6E2C7148237E56C10051A30D /* PBXContainerItemProxy */;
		};
/* End PBXTargetDependency section */

/* Begin PBXVariantGroup section */
		6E2C712F237E56BF0051A30D /* Main.storyboard */ = {
			isa = PBXVariantGroup;
			children = (
				6E2C7130237E56BF0051A30D /* Base */,
			);
			name = Main.storyboard;
			sourceTree = "<group>";
		};
		6E2C7134237E56C10051A30D /* LaunchScreen.storyboard */ = {
			isa = PBXVariantGroup;
			children = (
				6E2C7135237E56C10051A30D /* Base */,
			);
			name = LaunchScreen.storyboard;
			sourceTree = "<group>";
		};
/* End PBXVariantGroup section */

/* Begin XCBuildConfiguration section */
		6E2C714E237E56C10051A30D /* Debug */ = {
			isa = XCBuildConfiguration;
			buildSettings = {
				ALWAYS_SEARCH_USER_PATHS = NO;
				CLANG_ANALYZER_NONNULL = YES;
				CLANG_ANALYZER_NUMBER_OBJECT_CONVERSION = YES_AGGRESSIVE;
				CLANG_CXX_LANGUAGE_STANDARD = "gnu++14";
				CLANG_CXX_LIBRARY = "libc++";
				CLANG_ENABLE_MODULES = YES;
				CLANG_ENABLE_OBJC_ARC = YES;
				CLANG_ENABLE_OBJC_WEAK = YES;
				CLANG_WARN_BLOCK_CAPTURE_AUTORELEASING = YES;
				CLANG_WARN_BOOL_CONVERSION = YES;
				CLANG_WARN_COMMA = YES;
				CLANG_WARN_CONSTANT_CONVERSION = YES;
				CLANG_WARN_DEPRECATED_OBJC_IMPLEMENTATIONS = YES;
				CLANG_WARN_DIRECT_OBJC_ISA_USAGE = YES_ERROR;
				CLANG_WARN_DOCUMENTATION_COMMENTS = YES;
				CLANG_WARN_EMPTY_BODY = YES;
				CLANG_WARN_ENUM_CONVERSION = YES;
				CLANG_WARN_INFINITE_RECURSION = YES;
				CLANG_WARN_INT_CONVERSION = YES;
				CLANG_WARN_NON_LITERAL_NULL_CONVERSION = YES;
				CLANG_WARN_OBJC_IMPLICIT_RETAIN_SELF = YES;
				CLANG_WARN_OBJC_LITERAL_CONVERSION = YES;
				CLANG_WARN_OBJC_ROOT_CLASS = YES_ERROR;
				CLANG_WARN_RANGE_LOOP_ANALYSIS = YES;
				CLANG_WARN_STRICT_PROTOTYPES = YES;
				CLANG_WARN_SUSPICIOUS_MOVE = YES;
				CLANG_WARN_UNGUARDED_AVAILABILITY = YES_AGGRESSIVE;
				CLANG_WARN_UNREACHABLE_CODE = YES;
				CLANG_WARN__DUPLICATE_METHOD_MATCH = YES;
				COPY_PHASE_STRIP = NO;
				DEBUG_INFORMATION_FORMAT = dwarf;
				ENABLE_STRICT_OBJC_MSGSEND = YES;
				ENABLE_TESTABILITY = YES;
				GCC_C_LANGUAGE_STANDARD = gnu11;
				GCC_DYNAMIC_NO_PIC = NO;
				GCC_NO_COMMON_BLOCKS = YES;
				GCC_OPTIMIZATION_LEVEL = 0;
				GCC_PREPROCESSOR_DEFINITIONS = (
					"DEBUG=1",
					"$(inherited)",
				);
				GCC_WARN_64_TO_32_BIT_CONVERSION = YES;
				GCC_WARN_ABOUT_RETURN_TYPE = YES_ERROR;
				GCC_WARN_UNDECLARED_SELECTOR = YES;
				GCC_WARN_UNINITIALIZED_AUTOS = YES_AGGRESSIVE;
				GCC_WARN_UNUSED_FUNCTION = YES;
				GCC_WARN_UNUSED_VARIABLE = YES;
				IPHONEOS_DEPLOYMENT_TARGET = 13.2;
				MTL_ENABLE_DEBUG_INFO = INCLUDE_SOURCE;
				MTL_FAST_MATH = YES;
				ONLY_ACTIVE_ARCH = YES;
				SDKROOT = iphoneos;
				SWIFT_ACTIVE_COMPILATION_CONDITIONS = DEBUG;
				SWIFT_OPTIMIZATION_LEVEL = "-Onone";
			};
			name = Debug;
		};
		6E2C714F237E56C10051A30D /* Release */ = {
			isa = XCBuildConfiguration;
			buildSettings = {
				ALWAYS_SEARCH_USER_PATHS = NO;
				CLANG_ANALYZER_NONNULL = YES;
				CLANG_ANALYZER_NUMBER_OBJECT_CONVERSION = YES_AGGRESSIVE;
				CLANG_CXX_LANGUAGE_STANDARD = "gnu++14";
				CLANG_CXX_LIBRARY = "libc++";
				CLANG_ENABLE_MODULES = YES;
				CLANG_ENABLE_OBJC_ARC = YES;
				CLANG_ENABLE_OBJC_WEAK = YES;
				CLANG_WARN_BLOCK_CAPTURE_AUTORELEASING = YES;
				CLANG_WARN_BOOL_CONVERSION = YES;
				CLANG_WARN_COMMA = YES;
				CLANG_WARN_CONSTANT_CONVERSION = YES;
				CLANG_WARN_DEPRECATED_OBJC_IMPLEMENTATIONS = YES;
				CLANG_WARN_DIRECT_OBJC_ISA_USAGE = YES_ERROR;
				CLANG_WARN_DOCUMENTATION_COMMENTS = YES;
				CLANG_WARN_EMPTY_BODY = YES;
				CLANG_WARN_ENUM_CONVERSION = YES;
				CLANG_WARN_INFINITE_RECURSION = YES;
				CLANG_WARN_INT_CONVERSION = YES;
				CLANG_WARN_NON_LITERAL_NULL_CONVERSION = YES;
				CLANG_WARN_OBJC_IMPLICIT_RETAIN_SELF = YES;
				CLANG_WARN_OBJC_LITERAL_CONVERSION = YES;
				CLANG_WARN_OBJC_ROOT_CLASS = YES_ERROR;
				CLANG_WARN_RANGE_LOOP_ANALYSIS = YES;
				CLANG_WARN_STRICT_PROTOTYPES = YES;
				CLANG_WARN_SUSPICIOUS_MOVE = YES;
				CLANG_WARN_UNGUARDED_AVAILABILITY = YES_AGGRESSIVE;
				CLANG_WARN_UNREACHABLE_CODE = YES;
				CLANG_WARN__DUPLICATE_METHOD_MATCH = YES;
				COPY_PHASE_STRIP = NO;
				DEBUG_INFORMATION_FORMAT = "dwarf-with-dsym";
				ENABLE_NS_ASSERTIONS = NO;
				ENABLE_STRICT_OBJC_MSGSEND = YES;
				GCC_C_LANGUAGE_STANDARD = gnu11;
				GCC_NO_COMMON_BLOCKS = YES;
				GCC_WARN_64_TO_32_BIT_CONVERSION = YES;
				GCC_WARN_ABOUT_RETURN_TYPE = YES_ERROR;
				GCC_WARN_UNDECLARED_SELECTOR = YES;
				GCC_WARN_UNINITIALIZED_AUTOS = YES_AGGRESSIVE;
				GCC_WARN_UNUSED_FUNCTION = YES;
				GCC_WARN_UNUSED_VARIABLE = YES;
				IPHONEOS_DEPLOYMENT_TARGET = 13.2;
				MTL_ENABLE_DEBUG_INFO = NO;
				MTL_FAST_MATH = YES;
				SDKROOT = iphoneos;
				SWIFT_COMPILATION_MODE = wholemodule;
				SWIFT_OPTIMIZATION_LEVEL = "-O";
				VALIDATE_PRODUCT = YES;
			};
			name = Release;
		};
		6E2C7151237E56C10051A30D /* Debug */ = {
			isa = XCBuildConfiguration;
			buildSettings = {
				ASSETCATALOG_COMPILER_APPICON_NAME = AppIcon;
				CODE_SIGN_STYLE = Automatic;
				INFOPLIST_FILE = tipper/Info.plist;
				LD_RUNPATH_SEARCH_PATHS = (
					"$(inherited)",
					"@executable_path/Frameworks",
				);
				PRODUCT_BUNDLE_IDENTIFIER = tip.tipper;
				PRODUCT_NAME = "$(TARGET_NAME)";
				SWIFT_VERSION = 5.0;
				TARGETED_DEVICE_FAMILY = "1,2";
			};
			name = Debug;
		};
		6E2C7152237E56C10051A30D /* Release */ = {
			isa = XCBuildConfiguration;
			buildSettings = {
				ASSETCATALOG_COMPILER_APPICON_NAME = AppIcon;
				CODE_SIGN_STYLE = Automatic;
				INFOPLIST_FILE = tipper/Info.plist;
				LD_RUNPATH_SEARCH_PATHS = (
					"$(inherited)",
					"@executable_path/Frameworks",
				);
				PRODUCT_BUNDLE_IDENTIFIER = tip.tipper;
				PRODUCT_NAME = "$(TARGET_NAME)";
				SWIFT_VERSION = 5.0;
				TARGETED_DEVICE_FAMILY = "1,2";
			};
			name = Release;
		};
		6E2C7154237E56C10051A30D /* Debug */ = {
			isa = XCBuildConfiguration;
			buildSettings = {
				ALWAYS_EMBED_SWIFT_STANDARD_LIBRARIES = YES;
				BUNDLE_LOADER = "$(TEST_HOST)";
				CODE_SIGN_STYLE = Automatic;
				INFOPLIST_FILE = tipperTests/Info.plist;
				IPHONEOS_DEPLOYMENT_TARGET = 13.2;
				LD_RUNPATH_SEARCH_PATHS = (
					"$(inherited)",
					"@executable_path/Frameworks",
					"@loader_path/Frameworks",
				);
				PRODUCT_BUNDLE_IDENTIFIER = tip.tipperTests;
				PRODUCT_NAME = "$(TARGET_NAME)";
				SWIFT_VERSION = 5.0;
				TARGETED_DEVICE_FAMILY = "1,2";
				TEST_HOST = "$(BUILT_PRODUCTS_DIR)/tipper.app/tipper";
			};
			name = Debug;
		};
		6E2C7155237E56C10051A30D /* Release */ = {
			isa = XCBuildConfiguration;
			buildSettings = {
				ALWAYS_EMBED_SWIFT_STANDARD_LIBRARIES = YES;
				BUNDLE_LOADER = "$(TEST_HOST)";
				CODE_SIGN_STYLE = Automatic;
				INFOPLIST_FILE = tipperTests/Info.plist;
				IPHONEOS_DEPLOYMENT_TARGET = 13.2;
				LD_RUNPATH_SEARCH_PATHS = (
					"$(inherited)",
					"@executable_path/Frameworks",
					"@loader_path/Frameworks",
				);
				PRODUCT_BUNDLE_IDENTIFIER = tip.tipperTests;
				PRODUCT_NAME = "$(TARGET_NAME)";
				SWIFT_VERSION = 5.0;
				TARGETED_DEVICE_FAMILY = "1,2";
				TEST_HOST = "$(BUILT_PRODUCTS_DIR)/tipper.app/tipper";
			};
			name = Release;
		};
		6E2C7157237E56C10051A30D /* Debug */ = {
			isa = XCBuildConfiguration;
			buildSettings = {
				ALWAYS_EMBED_SWIFT_STANDARD_LIBRARIES = YES;
				CODE_SIGN_STYLE = Automatic;
				INFOPLIST_FILE = tipperUITests/Info.plist;
				LD_RUNPATH_SEARCH_PATHS = (
					"$(inherited)",
					"@executable_path/Frameworks",
					"@loader_path/Frameworks",
				);
				PRODUCT_BUNDLE_IDENTIFIER = tip.tipperUITests;
				PRODUCT_NAME = "$(TARGET_NAME)";
				SWIFT_VERSION = 5.0;
				TARGETED_DEVICE_FAMILY = "1,2";
				TEST_TARGET_NAME = tipper;
			};
			name = Debug;
		};
		6E2C7158237E56C10051A30D /* Release */ = {
			isa = XCBuildConfiguration;
			buildSettings = {
				ALWAYS_EMBED_SWIFT_STANDARD_LIBRARIES = YES;
				CODE_SIGN_STYLE = Automatic;
				INFOPLIST_FILE = tipperUITests/Info.plist;
				LD_RUNPATH_SEARCH_PATHS = (
					"$(inherited)",
					"@executable_path/Frameworks",
					"@loader_path/Frameworks",
				);
				PRODUCT_BUNDLE_IDENTIFIER = tip.tipperUITests;
				PRODUCT_NAME = "$(TARGET_NAME)";
				SWIFT_VERSION = 5.0;
				TARGETED_DEVICE_FAMILY = "1,2";
				TEST_TARGET_NAME = tipper;
			};
			name = Release;
		};
/* End XCBuildConfiguration section */

/* Begin XCConfigurationList section */
		6E2C7121237E56BF0051A30D /* Build configuration list for PBXProject "tipper" */ = {
			isa = XCConfigurationList;
			buildConfigurations = (
				6E2C714E237E56C10051A30D /* Debug */,
				6E2C714F237E56C10051A30D /* Release */,
			);
			defaultConfigurationIsVisible = 0;
			defaultConfigurationName = Release;
		};
		6E2C7150237E56C10051A30D /* Build configuration list for PBXNativeTarget "tipper" */ = {
			isa = XCConfigurationList;
			buildConfigurations = (
				6E2C7151237E56C10051A30D /* Debug */,
				6E2C7152237E56C10051A30D /* Release */,
			);
			defaultConfigurationIsVisible = 0;
			defaultConfigurationName = Release;
		};
		6E2C7153237E56C10051A30D /* Build configuration list for PBXNativeTarget "tipperTests" */ = {
			isa = XCConfigurationList;
			buildConfigurations = (
				6E2C7154237E56C10051A30D /* Debug */,
				6E2C7155237E56C10051A30D /* Release */,
			);
			defaultConfigurationIsVisible = 0;
			defaultConfigurationName = Release;
		};
		6E2C7156237E56C10051A30D /* Build configuration list for PBXNativeTarget "tipperUITests" */ = {
			isa = XCConfigurationList;
			buildConfigurations = (
				6E2C7157237E56C10051A30D /* Debug */,
				6E2C7158237E56C10051A30D /* Release */,
			);
			defaultConfigurationIsVisible = 0;
			defaultConfigurationName = Release;
		};
/* End XCConfigurationList section */
	};
	rootObject = 6E2C711E237E56BF0051A30D /* Project object */;
}
